// !$*UTF8*$!
{
	archiveVersion = 1;
	classes = {
	};
	objectVersion = 77;
	objects = {

/* Begin PBXContainerItemProxy section */
		895D696D2CFEB06E00E71C4D /* PBXContainerItemProxy */ = {
			isa = PBXContainerItemProxy;
			containerPortal = 895D694E2CFEB06A00E71C4D /* Project object */;
			proxyType = 1;
			remoteGlobalIDString = 895D69552CFEB06A00E71C4D;
			remoteInfo = HomeWork4Part1;
		};
		895D69772CFEB06E00E71C4D /* PBXContainerItemProxy */ = {
			isa = PBXContainerItemProxy;
			containerPortal = 895D694E2CFEB06A00E71C4D /* Project object */;
			proxyType = 1;
			remoteGlobalIDString = 895D69552CFEB06A00E71C4D;
			remoteInfo = HomeWork4Part1;
		};
/* End PBXContainerItemProxy section */

/* Begin PBXFileReference section */
		895D69562CFEB06A00E71C4D /* HomeWork4Part1.app */ = {isa = PBXFileReference; explicitFileType = wrapper.application; includeInIndex = 0; path = HomeWork4Part1.app; sourceTree = BUILT_PRODUCTS_DIR; };
		895D696C2CFEB06E00E71C4D /* HomeWork4Part1Tests.xctest */ = {isa = PBXFileReference; explicitFileType = wrapper.cfbundle; includeInIndex = 0; path = HomeWork4Part1Tests.xctest; sourceTree = BUILT_PRODUCTS_DIR; };
		895D69762CFEB06E00E71C4D /* HomeWork4Part1UITests.xctest */ = {isa = PBXFileReference; explicitFileType = wrapper.cfbundle; includeInIndex = 0; path = HomeWork4Part1UITests.xctest; sourceTree = BUILT_PRODUCTS_DIR; };
/* End PBXFileReference section */

/* Begin PBXFileSystemSynchronizedBuildFileExceptionSet section */
		895D697E2CFEB06E00E71C4D /* Exceptions for "HomeWork4Part1" folder in "HomeWork4Part1" target */ = {
			isa = PBXFileSystemSynchronizedBuildFileExceptionSet;
			membershipExceptions = (
				Info.plist,
			);
			target = 895D69552CFEB06A00E71C4D /* HomeWork4Part1 */;
		};
/* End PBXFileSystemSynchronizedBuildFileExceptionSet section */

/* Begin PBXFileSystemSynchronizedRootGroup section */
		895D69582CFEB06A00E71C4D /* HomeWork4Part1 */ = {
			isa = PBXFileSystemSynchronizedRootGroup;
			exceptions = (
				895D697E2CFEB06E00E71C4D /* Exceptions for "HomeWork4Part1" folder in "HomeWork4Part1" target */,
			);
			path = HomeWork4Part1;
			sourceTree = "<group>";
		};
		895D696F2CFEB06E00E71C4D /* HomeWork4Part1Tests */ = {
			isa = PBXFileSystemSynchronizedRootGroup;
			path = HomeWork4Part1Tests;
			sourceTree = "<group>";
		};
		895D69792CFEB06E00E71C4D /* HomeWork4Part1UITests */ = {
			isa = PBXFileSystemSynchronizedRootGroup;
			path = HomeWork4Part1UITests;
			sourceTree = "<group>";
		};
/* End PBXFileSystemSynchronizedRootGroup section */

/* Begin PBXFrameworksBuildPhase section */
		895D69532CFEB06A00E71C4D /* Frameworks */ = {
			isa = PBXFrameworksBuildPhase;
			buildActionMask = 2147483647;
			files = (
			);
			runOnlyForDeploymentPostprocessing = 0;
		};
		895D69692CFEB06E00E71C4D /* Frameworks */ = {
			isa = PBXFrameworksBuildPhase;
			buildActionMask = 2147483647;
			files = (
			);
			runOnlyForDeploymentPostprocessing = 0;
		};
		895D69732CFEB06E00E71C4D /* Frameworks */ = {
			isa = PBXFrameworksBuildPhase;
			buildActionMask = 2147483647;
			files = (
			);
			runOnlyForDeploymentPostprocessing = 0;
		};
/* End PBXFrameworksBuildPhase section */

/* Begin PBXGroup section */
		895D694D2CFEB06A00E71C4D = {
			isa = PBXGroup;
			children = (
				895D69582CFEB06A00E71C4D /* HomeWork4Part1 */,
				895D696F2CFEB06E00E71C4D /* HomeWork4Part1Tests */,
				895D69792CFEB06E00E71C4D /* HomeWork4Part1UITests */,
				895D69572CFEB06A00E71C4D /* Products */,
			);
			sourceTree = "<group>";
		};
		895D69572CFEB06A00E71C4D /* Products */ = {
			isa = PBXGroup;
			children = (
				895D69562CFEB06A00E71C4D /* HomeWork4Part1.app */,
				895D696C2CFEB06E00E71C4D /* HomeWork4Part1Tests.xctest */,
				895D69762CFEB06E00E71C4D /* HomeWork4Part1UITests.xctest */,
			);
			name = Products;
			sourceTree = "<group>";
		};
/* End PBXGroup section */

/* Begin PBXNativeTarget section */
		895D69552CFEB06A00E71C4D /* HomeWork4Part1 */ = {
			isa = PBXNativeTarget;
			buildConfigurationList = 895D697F2CFEB06E00E71C4D /* Build configuration list for PBXNativeTarget "HomeWork4Part1" */;
			buildPhases = (
				895D69522CFEB06A00E71C4D /* Sources */,
				895D69532CFEB06A00E71C4D /* Frameworks */,
				895D69542CFEB06A00E71C4D /* Resources */,
			);
			buildRules = (
			);
			dependencies = (
			);
			fileSystemSynchronizedGroups = (
				895D69582CFEB06A00E71C4D /* HomeWork4Part1 */,
			);
			name = HomeWork4Part1;
			packageProductDependencies = (
			);
			productName = HomeWork4Part1;
			productReference = 895D69562CFEB06A00E71C4D /* HomeWork4Part1.app */;
			productType = "com.apple.product-type.application";
		};
		895D696B2CFEB06E00E71C4D /* HomeWork4Part1Tests */ = {
			isa = PBXNativeTarget;
			buildConfigurationList = 895D69842CFEB06E00E71C4D /* Build configuration list for PBXNativeTarget "HomeWork4Part1Tests" */;
			buildPhases = (
				895D69682CFEB06E00E71C4D /* Sources */,
				895D69692CFEB06E00E71C4D /* Frameworks */,
				895D696A2CFEB06E00E71C4D /* Resources */,
			);
			buildRules = (
			);
			dependencies = (
				895D696E2CFEB06E00E71C4D /* PBXTargetDependency */,
			);
			fileSystemSynchronizedGroups = (
				895D696F2CFEB06E00E71C4D /* HomeWork4Part1Tests */,
			);
			name = HomeWork4Part1Tests;
			packageProductDependencies = (
			);
			productName = HomeWork4Part1Tests;
			productReference = 895D696C2CFEB06E00E71C4D /* HomeWork4Part1Tests.xctest */;
			productType = "com.apple.product-type.bundle.unit-test";
		};
		895D69752CFEB06E00E71C4D /* HomeWork4Part1UITests */ = {
			isa = PBXNativeTarget;
			buildConfigurationList = 895D69872CFEB06E00E71C4D /* Build configuration list for PBXNativeTarget "HomeWork4Part1UITests" */;
			buildPhases = (
				895D69722CFEB06E00E71C4D /* Sources */,
				895D69732CFEB06E00E71C4D /* Frameworks */,
				895D69742CFEB06E00E71C4D /* Resources */,
			);
			buildRules = (
			);
			dependencies = (
				895D69782CFEB06E00E71C4D /* PBXTargetDependency */,
			);
			fileSystemSynchronizedGroups = (
				895D69792CFEB06E00E71C4D /* HomeWork4Part1UITests */,
			);
			name = HomeWork4Part1UITests;
			packageProductDependencies = (
			);
			productName = HomeWork4Part1UITests;
			productReference = 895D69762CFEB06E00E71C4D /* HomeWork4Part1UITests.xctest */;
			productType = "com.apple.product-type.bundle.ui-testing";
		};
/* End PBXNativeTarget section */

/* Begin PBXProject section */
		895D694E2CFEB06A00E71C4D /* Project object */ = {
			isa = PBXProject;
			attributes = {
				BuildIndependentTargetsInParallel = 1;
				LastSwiftUpdateCheck = 1610;
				LastUpgradeCheck = 1610;
				TargetAttributes = {
					895D69552CFEB06A00E71C4D = {
						CreatedOnToolsVersion = 16.1;
					};
					895D696B2CFEB06E00E71C4D = {
						CreatedOnToolsVersion = 16.1;
						TestTargetID = 895D69552CFEB06A00E71C4D;
					};
					895D69752CFEB06E00E71C4D = {
						CreatedOnToolsVersion = 16.1;
						TestTargetID = 895D69552CFEB06A00E71C4D;
					};
				};
			};
			buildConfigurationList = 895D69512CFEB06A00E71C4D /* Build configuration list for PBXProject "HomeWork4Part1" */;
			developmentRegion = en;
			hasScannedForEncodings = 0;
			knownRegions = (
				en,
				Base,
			);
			mainGroup = 895D694D2CFEB06A00E71C4D;
			minimizedProjectReferenceProxies = 1;
			preferredProjectObjectVersion = 77;
			productRefGroup = 895D69572CFEB06A00E71C4D /* Products */;
			projectDirPath = "";
			projectRoot = "";
			targets = (
				895D69552CFEB06A00E71C4D /* HomeWork4Part1 */,
				895D696B2CFEB06E00E71C4D /* HomeWork4Part1Tests */,
				895D69752CFEB06E00E71C4D /* HomeWork4Part1UITests */,
			);
		};
/* End PBXProject section */

/* Begin PBXResourcesBuildPhase section */
		895D69542CFEB06A00E71C4D /* Resources */ = {
			isa = PBXResourcesBuildPhase;
			buildActionMask = 2147483647;
			files = (
			);
			runOnlyForDeploymentPostprocessing = 0;
		};
		895D696A2CFEB06E00E71C4D /* Resources */ = {
			isa = PBXResourcesBuildPhase;
			buildActionMask = 2147483647;
			files = (
			);
			runOnlyForDeploymentPostprocessing = 0;
		};
		895D69742CFEB06E00E71C4D /* Resources */ = {
			isa = PBXResourcesBuildPhase;
			buildActionMask = 2147483647;
			files = (
			);
			runOnlyForDeploymentPostprocessing = 0;
		};
/* End PBXResourcesBuildPhase section */

/* Begin PBXSourcesBuildPhase section */
		895D69522CFEB06A00E71C4D /* Sources */ = {
			isa = PBXSourcesBuildPhase;
			buildActionMask = 2147483647;
			files = (
			);
			runOnlyForDeploymentPostprocessing = 0;
		};
		895D69682CFEB06E00E71C4D /* Sources */ = {
			isa = PBXSourcesBuildPhase;
			buildActionMask = 2147483647;
			files = (
			);
			runOnlyForDeploymentPostprocessing = 0;
		};
		895D69722CFEB06E00E71C4D /* Sources */ = {
			isa = PBXSourcesBuildPhase;
			buildActionMask = 2147483647;
			files = (
			);
			runOnlyForDeploymentPostprocessing = 0;
		};
/* End PBXSourcesBuildPhase section */

/* Begin PBXTargetDependency section */
		895D696E2CFEB06E00E71C4D /* PBXTargetDependency */ = {
			isa = PBXTargetDependency;
			target = 895D69552CFEB06A00E71C4D /* HomeWork4Part1 */;
			targetProxy = 895D696D2CFEB06E00E71C4D /* PBXContainerItemProxy */;
		};
		895D69782CFEB06E00E71C4D /* PBXTargetDependency */ = {
			isa = PBXTargetDependency;
			target = 895D69552CFEB06A00E71C4D /* HomeWork4Part1 */;
			targetProxy = 895D69772CFEB06E00E71C4D /* PBXContainerItemProxy */;
		};
/* End PBXTargetDependency section */

/* Begin XCBuildConfiguration section */
		895D69802CFEB06E00E71C4D /* Debug */ = {
			isa = XCBuildConfiguration;
			buildSettings = {
				ASSETCATALOG_COMPILER_APPICON_NAME = AppIcon;
				ASSETCATALOG_COMPILER_GLOBAL_ACCENT_COLOR_NAME = AccentColor;
				CODE_SIGN_STYLE = Automatic;
				CURRENT_PROJECT_VERSION = 1;
				GENERATE_INFOPLIST_FILE = YES;
				INFOPLIST_FILE = HomeWork4Part1/Info.plist;
				INFOPLIST_KEY_UIApplicationSupportsIndirectInputEvents = YES;
				INFOPLIST_KEY_UILaunchStoryboardName = LaunchScreen;
				INFOPLIST_KEY_UIMainStoryboardFile = Main;
				INFOPLIST_KEY_UISupportedInterfaceOrientations_iPad = "UIInterfaceOrientationPortrait UIInterfaceOrientationPortraitUpsideDown UIInterfaceOrientationLandscapeLeft UIInterfaceOrientationLandscapeRight";
				INFOPLIST_KEY_UISupportedInterfaceOrientations_iPhone = "UIInterfaceOrientationPortrait UIInterfaceOrientationLandscapeLeft UIInterfaceOrientationLandscapeRight";
				LD_RUNPATH_SEARCH_PATHS = (
					"$(inherited)",
					"@executable_path/Frameworks",
				);
				MARKETING_VERSION = 1.0;
				PRODUCT_BUNDLE_IDENTIFIER = com.chi.course.HomeWork4Part1;
				PRODUCT_NAME = "$(TARGET_NAME)";
				SUPPORTED_PLATFORMS = "iphoneos iphonesimulator";
				SUPPORTS_MACCATALYST = NO;
				SUPPORTS_MAC_DESIGNED_FOR_IPHONE_IPAD = NO;
				SUPPORTS_XR_DESIGNED_FOR_IPHONE_IPAD = NO;
				SWIFT_EMIT_LOC_STRINGS = YES;
				SWIFT_VERSION = 5.0;
				TARGETED_DEVICE_FAMILY = 1;
			};
			name = Debug;
		};
		895D69812CFEB06E00E71C4D /* Release */ = {
			isa = XCBuildConfiguration;
			buildSettings = {
				ASSETCATALOG_COMPILER_APPICON_NAME = AppIcon;
				ASSETCATALOG_COMPILER_GLOBAL_ACCENT_COLOR_NAME = AccentColor;
				CODE_SIGN_STYLE = Automatic;
				CURRENT_PROJECT_VERSION = 1;
				GENERATE_INFOPLIST_FILE = YES;
				INFOPLIST_FILE = HomeWork4Part1/Info.plist;
				INFOPLIST_KEY_UIApplicationSupportsIndirectInputEvents = YES;
				INFOPLIST_KEY_UILaunchStoryboardName = LaunchScreen;
				INFOPLIST_KEY_UIMainStoryboardFile = Main;
				INFOPLIST_KEY_UISupportedInterfaceOrientations_iPad = "UIInterfaceOrientationPortrait UIInterfaceOrientationPortraitUpsideDown UIInterfaceOrientationLandscapeLeft UIInterfaceOrientationLandscapeRight";
				INFOPLIST_KEY_UISupportedInterfaceOrientations_iPhone = "UIInterfaceOrientationPortrait UIInterfaceOrientationLandscapeLeft UIInterfaceOrientationLandscapeRight";
				LD_RUNPATH_SEARCH_PATHS = (
					"$(inherited)",
					"@executable_path/Frameworks",
				);
				MARKETING_VERSION = 1.0;
				PRODUCT_BUNDLE_IDENTIFIER = com.chi.course.HomeWork4Part1;
				PRODUCT_NAME = "$(TARGET_NAME)";
				SUPPORTED_PLATFORMS = "iphoneos iphonesimulator";
				SUPPORTS_MACCATALYST = NO;
				SUPPORTS_MAC_DESIGNED_FOR_IPHONE_IPAD = NO;
				SUPPORTS_XR_DESIGNED_FOR_IPHONE_IPAD = NO;
				SWIFT_EMIT_LOC_STRINGS = YES;
				SWIFT_VERSION = 5.0;
				TARGETED_DEVICE_FAMILY = 1;
			};
			name = Release;
		};
		895D69822CFEB06E00E71C4D /* Debug */ = {
			isa = XCBuildConfiguration;
			buildSettings = {
				ALWAYS_SEARCH_USER_PATHS = NO;
				ASSETCATALOG_COMPILER_GENERATE_SWIFT_ASSET_SYMBOL_EXTENSIONS = YES;
				CLANG_ANALYZER_NONNULL = YES;
				CLANG_ANALYZER_NUMBER_OBJECT_CONVERSION = YES_AGGRESSIVE;
				CLANG_CXX_LANGUAGE_STANDARD = "gnu++20";
				CLANG_ENABLE_MODULES = YES;
				CLANG_ENABLE_OBJC_ARC = YES;
				CLANG_ENABLE_OBJC_WEAK = YES;
				CLANG_WARN_BLOCK_CAPTURE_AUTORELEASING = YES;
				CLANG_WARN_BOOL_CONVERSION = YES;
				CLANG_WARN_COMMA = YES;
				CLANG_WARN_CONSTANT_CONVERSION = YES;
				CLANG_WARN_DEPRECATED_OBJC_IMPLEMENTATIONS = YES;
				CLANG_WARN_DIRECT_OBJC_ISA_USAGE = YES_ERROR;
				CLANG_WARN_DOCUMENTATION_COMMENTS = YES;
				CLANG_WARN_EMPTY_BODY = YES;
				CLANG_WARN_ENUM_CONVERSION = YES;
				CLANG_WARN_INFINITE_RECURSION = YES;
				CLANG_WARN_INT_CONVERSION = YES;
				CLANG_WARN_NON_LITERAL_NULL_CONVERSION = YES;
				CLANG_WARN_OBJC_IMPLICIT_RETAIN_SELF = YES;
				CLANG_WARN_OBJC_LITERAL_CONVERSION = YES;
				CLANG_WARN_OBJC_ROOT_CLASS = YES_ERROR;
				CLANG_WARN_QUOTED_INCLUDE_IN_FRAMEWORK_HEADER = YES;
				CLANG_WARN_RANGE_LOOP_ANALYSIS = YES;
				CLANG_WARN_STRICT_PROTOTYPES = YES;
				CLANG_WARN_SUSPICIOUS_MOVE = YES;
				CLANG_WARN_UNGUARDED_AVAILABILITY = YES_AGGRESSIVE;
				CLANG_WARN_UNREACHABLE_CODE = YES;
				CLANG_WARN__DUPLICATE_METHOD_MATCH = YES;
				COPY_PHASE_STRIP = NO;
				DEBUG_INFORMATION_FORMAT = dwarf;
				ENABLE_STRICT_OBJC_MSGSEND = YES;
				ENABLE_TESTABILITY = YES;
				ENABLE_USER_SCRIPT_SANDBOXING = YES;
				GCC_C_LANGUAGE_STANDARD = gnu17;
				GCC_DYNAMIC_NO_PIC = NO;
				GCC_NO_COMMON_BLOCKS = YES;
				GCC_OPTIMIZATION_LEVEL = 0;
				GCC_PREPROCESSOR_DEFINITIONS = (
					"DEBUG=1",
					"$(inherited)",
				);
				GCC_WARN_64_TO_32_BIT_CONVERSION = YES;
				GCC_WARN_ABOUT_RETURN_TYPE = YES_ERROR;
				GCC_WARN_UNDECLARED_SELECTOR = YES;
				GCC_WARN_UNINITIALIZED_AUTOS = YES_AGGRESSIVE;
				GCC_WARN_UNUSED_FUNCTION = YES;
				GCC_WARN_UNUSED_VARIABLE = YES;
				IPHONEOS_DEPLOYMENT_TARGET = 18.1;
				LOCALIZATION_PREFERS_STRING_CATALOGS = YES;
				MTL_ENABLE_DEBUG_INFO = INCLUDE_SOURCE;
				MTL_FAST_MATH = YES;
				ONLY_ACTIVE_ARCH = YES;
				SDKROOT = iphoneos;
				SWIFT_ACTIVE_COMPILATION_CONDITIONS = "DEBUG $(inherited)";
				SWIFT_OPTIMIZATION_LEVEL = "-Onone";
			};
			name = Debug;
		};
		895D69832CFEB06E00E71C4D /* Release */ = {
			isa = XCBuildConfiguration;
			buildSettings = {
				ALWAYS_SEARCH_USER_PATHS = NO;
				ASSETCATALOG_COMPILER_GENERATE_SWIFT_ASSET_SYMBOL_EXTENSIONS = YES;
				CLANG_ANALYZER_NONNULL = YES;
				CLANG_ANALYZER_NUMBER_OBJECT_CONVERSION = YES_AGGRESSIVE;
				CLANG_CXX_LANGUAGE_STANDARD = "gnu++20";
				CLANG_ENABLE_MODULES = YES;
				CLANG_ENABLE_OBJC_ARC = YES;
				CLANG_ENABLE_OBJC_WEAK = YES;
				CLANG_WARN_BLOCK_CAPTURE_AUTORELEASING = YES;
				CLANG_WARN_BOOL_CONVERSION = YES;
				CLANG_WARN_COMMA = YES;
				CLANG_WARN_CONSTANT_CONVERSION = YES;
				CLANG_WARN_DEPRECATED_OBJC_IMPLEMENTATIONS = YES;
				CLANG_WARN_DIRECT_OBJC_ISA_USAGE = YES_ERROR;
				CLANG_WARN_DOCUMENTATION_COMMENTS = YES;
				CLANG_WARN_EMPTY_BODY = YES;
				CLANG_WARN_ENUM_CONVERSION = YES;
				CLANG_WARN_INFINITE_RECURSION = YES;
				CLANG_WARN_INT_CONVERSION = YES;
				CLANG_WARN_NON_LITERAL_NULL_CONVERSION = YES;
				CLANG_WARN_OBJC_IMPLICIT_RETAIN_SELF = YES;
				CLANG_WARN_OBJC_LITERAL_CONVERSION = YES;
				CLANG_WARN_OBJC_ROOT_CLASS = YES_ERROR;
				CLANG_WARN_QUOTED_INCLUDE_IN_FRAMEWORK_HEADER = YES;
				CLANG_WARN_RANGE_LOOP_ANALYSIS = YES;
				CLANG_WARN_STRICT_PROTOTYPES = YES;
				CLANG_WARN_SUSPICIOUS_MOVE = YES;
				CLANG_WARN_UNGUARDED_AVAILABILITY = YES_AGGRESSIVE;
				CLANG_WARN_UNREACHABLE_CODE = YES;
				CLANG_WARN__DUPLICATE_METHOD_MATCH = YES;
				COPY_PHASE_STRIP = NO;
				DEBUG_INFORMATION_FORMAT = "dwarf-with-dsym";
				ENABLE_NS_ASSERTIONS = NO;
				ENABLE_STRICT_OBJC_MSGSEND = YES;
				ENABLE_USER_SCRIPT_SANDBOXING = YES;
				GCC_C_LANGUAGE_STANDARD = gnu17;
				GCC_NO_COMMON_BLOCKS = YES;
				GCC_WARN_64_TO_32_BIT_CONVERSION = YES;
				GCC_WARN_ABOUT_RETURN_TYPE = YES_ERROR;
				GCC_WARN_UNDECLARED_SELECTOR = YES;
				GCC_WARN_UNINITIALIZED_AUTOS = YES_AGGRESSIVE;
				GCC_WARN_UNUSED_FUNCTION = YES;
				GCC_WARN_UNUSED_VARIABLE = YES;
				IPHONEOS_DEPLOYMENT_TARGET = 18.1;
				LOCALIZATION_PREFERS_STRING_CATALOGS = YES;
				MTL_ENABLE_DEBUG_INFO = NO;
				MTL_FAST_MATH = YES;
				SDKROOT = iphoneos;
				SWIFT_COMPILATION_MODE = wholemodule;
				VALIDATE_PRODUCT = YES;
			};
			name = Release;
		};
		895D69852CFEB06E00E71C4D /* Debug */ = {
			isa = XCBuildConfiguration;
			buildSettings = {
				BUNDLE_LOADER = "$(TEST_HOST)";
				CODE_SIGN_STYLE = Automatic;
				CURRENT_PROJECT_VERSION = 1;
				GENERATE_INFOPLIST_FILE = YES;
				IPHONEOS_DEPLOYMENT_TARGET = 18.1;
				MARKETING_VERSION = 1.0;
				PRODUCT_BUNDLE_IDENTIFIER = com.chi.course.HomeWork4Part1Tests;
				PRODUCT_NAME = "$(TARGET_NAME)";
				SWIFT_EMIT_LOC_STRINGS = NO;
				SWIFT_VERSION = 5.0;
				TARGETED_DEVICE_FAMILY = "1,2";
				TEST_HOST = "$(BUILT_PRODUCTS_DIR)/HomeWork4Part1.app/$(BUNDLE_EXECUTABLE_FOLDER_PATH)/HomeWork4Part1";
			};
			name = Debug;
		};
		895D69862CFEB06E00E71C4D /* Release */ = {
			isa = XCBuildConfiguration;
			buildSettings = {
				BUNDLE_LOADER = "$(TEST_HOST)";
				CODE_SIGN_STYLE = Automatic;
				CURRENT_PROJECT_VERSION = 1;
				GENERATE_INFOPLIST_FILE = YES;
				IPHONEOS_DEPLOYMENT_TARGET = 18.1;
				MARKETING_VERSION = 1.0;
				PRODUCT_BUNDLE_IDENTIFIER = com.chi.course.HomeWork4Part1Tests;
				PRODUCT_NAME = "$(TARGET_NAME)";
				SWIFT_EMIT_LOC_STRINGS = NO;
				SWIFT_VERSION = 5.0;
				TARGETED_DEVICE_FAMILY = "1,2";
				TEST_HOST = "$(BUILT_PRODUCTS_DIR)/HomeWork4Part1.app/$(BUNDLE_EXECUTABLE_FOLDER_PATH)/HomeWork4Part1";
			};
			name = Release;
		};
		895D69882CFEB06E00E71C4D /* Debug */ = {
			isa = XCBuildConfiguration;
			buildSettings = {
				CODE_SIGN_STYLE = Automatic;
				CURRENT_PROJECT_VERSION = 1;
				GENERATE_INFOPLIST_FILE = YES;
				MARKETING_VERSION = 1.0;
				PRODUCT_BUNDLE_IDENTIFIER = com.chi.course.HomeWork4Part1UITests;
				PRODUCT_NAME = "$(TARGET_NAME)";
				SWIFT_EMIT_LOC_STRINGS = NO;
				SWIFT_VERSION = 5.0;
				TARGETED_DEVICE_FAMILY = "1,2";
				TEST_TARGET_NAME = HomeWork4Part1;
			};
			name = Debug;
		};
		895D69892CFEB06E00E71C4D /* Release */ = {
			isa = XCBuildConfiguration;
			buildSettings = {
				CODE_SIGN_STYLE = Automatic;
				CURRENT_PROJECT_VERSION = 1;
				GENERATE_INFOPLIST_FILE = YES;
				MARKETING_VERSION = 1.0;
				PRODUCT_BUNDLE_IDENTIFIER = com.chi.course.HomeWork4Part1UITests;
				PRODUCT_NAME = "$(TARGET_NAME)";
				SWIFT_EMIT_LOC_STRINGS = NO;
				SWIFT_VERSION = 5.0;
				TARGETED_DEVICE_FAMILY = "1,2";
				TEST_TARGET_NAME = HomeWork4Part1;
			};
			name = Release;
		};
/* End XCBuildConfiguration section */

/* Begin XCConfigurationList section */
		895D69512CFEB06A00E71C4D /* Build configuration list for PBXProject "HomeWork4Part1" */ = {
			isa = XCConfigurationList;
			buildConfigurations = (
				895D69822CFEB06E00E71C4D /* Debug */,
				895D69832CFEB06E00E71C4D /* Release */,
			);
			defaultConfigurationIsVisible = 0;
			defaultConfigurationName = Release;
		};
		895D697F2CFEB06E00E71C4D /* Build configuration list for PBXNativeTarget "HomeWork4Part1" */ = {
			isa = XCConfigurationList;
			buildConfigurations = (
				895D69802CFEB06E00E71C4D /* Debug */,
				895D69812CFEB06E00E71C4D /* Release */,
			);
			defaultConfigurationIsVisible = 0;
			defaultConfigurationName = Release;
		};
		895D69842CFEB06E00E71C4D /* Build configuration list for PBXNativeTarget "HomeWork4Part1Tests" */ = {
			isa = XCConfigurationList;
			buildConfigurations = (
				895D69852CFEB06E00E71C4D /* Debug */,
				895D69862CFEB06E00E71C4D /* Release */,
			);
			defaultConfigurationIsVisible = 0;
			defaultConfigurationName = Release;
		};
		895D69872CFEB06E00E71C4D /* Build configuration list for PBXNativeTarget "HomeWork4Part1UITests" */ = {
			isa = XCConfigurationList;
			buildConfigurations = (
				895D69882CFEB06E00E71C4D /* Debug */,
				895D69892CFEB06E00E71C4D /* Release */,
			);
			defaultConfigurationIsVisible = 0;
			defaultConfigurationName = Release;
		};
/* End XCConfigurationList section */
	};
	rootObject = 895D694E2CFEB06A00E71C4D /* Project object */;
}
